{
  "name": "diff-array",
  "version": "1.0.0",
  "lockfileVersion": 1,
  "requires": true,
  "dependencies": {
    "comparejs": {
      "version": "0.1.2",
      "resolved": "https://registry.npmjs.org/comparejs/-/comparejs-0.1.2.tgz",
      "integrity": "sha1-4NvoWT1bG7ZC1sWGgIFnKrKa/RY=",
      "dev": true
    },
    "node-assertthat": {
      "version": "0.2.3",
      "resolved": "https://registry.npmjs.org/node-assertthat/-/node-assertthat-0.2.3.tgz",
      "integrity": "sha1-xiNZEOR/SL9T2zaL9nYB4wmNJ2c=",
      "dev": true,
      "requires": {
        "comparejs": "0.1.2"
      }
    }
  }
}
